
Microsoft Visual Studio Solution File, Format Version 12.00
# Visual Studio 15
VisualStudioVersion = 15.0.27130.2003
MinimumVisualStudioVersion = 10.0.40219.1
Project("{9A19103F-16F7-4668-BE54-9A1E7A4F7556}") = "MPCIC.Core", "MPCIC.Core\MPCIC.Core.csproj", "{D24D67AA-FAA4-43D9-A951-D51ADA750FC0}"
EndProject
Project("{9A19103F-16F7-4668-BE54-9A1E7A4F7556}") = "MPCIC.Tests", "MPCIC.Tests\MPCIC.Tests.csproj", "{7BB4A2EC-52FB-4223-92F4-2CAA6313E339}"
EndProject
Project("{9A19103F-16F7-4668-BE54-9A1E7A4F7556}") = "MPCIC.Gui", "MPCIC.Gui\MPCIC.Gui.csproj", "{ADB7C3AD-2B8E-4B1B-94E6-6992D927A1B1}"
EndProject
Global
	GlobalSection(SolutionConfigurationPlatforms) = preSolution
		Debug|Any CPU = Debug|Any CPU
		Release|Any CPU = Release|Any CPU
	EndGlobalSection
	GlobalSection(ProjectConfigurationPlatforms) = postSolution
		{D24D67AA-FAA4-43D9-A951-D51ADA750FC0}.Debug|Any CPU.ActiveCfg = Debug|Any CPU
		{D24D67AA-FAA4-43D9-A951-D51ADA750FC0}.Debug|Any CPU.Build.0 = Debug|Any CPU
		{D24D67AA-FAA4-43D9-A951-D51ADA750FC0}.Release|Any CPU.ActiveCfg = Release|Any CPU
		{D24D67AA-FAA4-43D9-A951-D51ADA750FC0}.Release|Any CPU.Build.0 = Release|Any CPU
		{7BB4A2EC-52FB-4223-92F4-2CAA6313E339}.Debug|Any CPU.ActiveCfg = Debug|Any CPU
		{7BB4A2EC-52FB-4223-92F4-2CAA6313E339}.Debug|Any CPU.Build.0 = Debug|Any CPU
		{7BB4A2EC-52FB-4223-92F4-2CAA6313E339}.Release|Any CPU.ActiveCfg = Release|Any CPU
		{7BB4A2EC-52FB-4223-92F4-2CAA6313E339}.Release|Any CPU.Build.0 = Release|Any CPU
		{ADB7C3AD-2B8E-4B1B-94E6-6992D927A1B1}.Debug|Any CPU.ActiveCfg = Debug|Any CPU
		{ADB7C3AD-2B8E-4B1B-94E6-6992D927A1B1}.Debug|Any CPU.Build.0 = Debug|Any CPU
		{ADB7C3AD-2B8E-4B1B-94E6-6992D927A1B1}.Release|Any CPU.ActiveCfg = Release|Any CPU
		{ADB7C3AD-2B8E-4B1B-94E6-6992D927A1B1}.Release|Any CPU.Build.0 = Release|Any CPU
	EndGlobalSection
	GlobalSection(SolutionProperties) = preSolution
		HideSolutionNode = FALSE
	EndGlobalSection
	GlobalSection(ExtensibilityGlobals) = postSolution
		SolutionGuid = {2A7D5BEB-D957-44E9-B616-A93C14926D25}
	EndGlobalSection
EndGlobal
